
Microsoft Visual Studio Solution File, Format Version 12.00
# Visual Studio Version 17
VisualStudioVersion = 17.0.31912.275
MinimumVisualStudioVersion = 10.0.40219.1
Project("{FAE04EC0-301F-11D3-BF4B-00C04F79EFBC}") = "APIGateway", "APIGateway\APIGateway.csproj", "{7049153A-6702-4EF9-A587-63C2F9E2FCFD}"
EndProject
Global
	GlobalSection(SolutionConfigurationPlatforms) = preSolution
		Debug|Any CPU = Debug|Any CPU
		Release|Any CPU = Release|Any CPU
	EndGlobalSection
	GlobalSection(ProjectConfigurationPlatforms) = postSolution
		{7049153A-6702-4EF9-A587-63C2F9E2FCFD}.Debug|Any CPU.ActiveCfg = Debug|Any CPU
		{7049153A-6702-4EF9-A587-63C2F9E2FCFD}.Debug|Any CPU.Build.0 = Debug|Any CPU
		{7049153A-6702-4EF9-A587-63C2F9E2FCFD}.Release|Any CPU.ActiveCfg = Release|Any CPU
		{7049153A-6702-4EF9-A587-63C2F9E2FCFD}.Release|Any CPU.Build.0 = Release|Any CPU
	EndGlobalSection
	GlobalSection(SolutionProperties) = preSolution
		HideSolutionNode = FALSE
	EndGlobalSection
	GlobalSection(ExtensibilityGlobals) = postSolution
		SolutionGuid = {9FA18011-03D7-40BD-BDEE-2C519CFB3250}
	EndGlobalSection
EndGlobal
